
Microsoft Visual Studio Solution File, Format Version 12.00
# Visual Studio Version 17
VisualStudioVersion = 17.3.32929.385
MinimumVisualStudioVersion = 10.0.40219.1
Project("{FAE04EC0-301F-11D3-BF4B-00C04F79EFBC}") = "DERS15", "DERS15\DERS15.csproj", "{943FEFE3-4307-4A60-9133-C2DD0FBD0C73}"
EndProject
Global
	GlobalSection(SolutionConfigurationPlatforms) = preSolution
		Debug|Any CPU = Debug|Any CPU
		Release|Any CPU = Release|Any CPU
	EndGlobalSection
	GlobalSection(ProjectConfigurationPlatforms) = postSolution
		{943FEFE3-4307-4A60-9133-C2DD0FBD0C73}.Debug|Any CPU.ActiveCfg = Debug|Any CPU
		{943FEFE3-4307-4A60-9133-C2DD0FBD0C73}.Debug|Any CPU.Build.0 = Debug|Any CPU
		{943FEFE3-4307-4A60-9133-C2DD0FBD0C73}.Release|Any CPU.ActiveCfg = Release|Any CPU
		{943FEFE3-4307-4A60-9133-C2DD0FBD0C73}.Release|Any CPU.Build.0 = Release|Any CPU
	EndGlobalSection
	GlobalSection(SolutionProperties) = preSolution
		HideSolutionNode = FALSE
	EndGlobalSection
	GlobalSection(ExtensibilityGlobals) = postSolution
		SolutionGuid = {F7E7956C-0A93-481B-8EBF-8D4E43231F96}
	EndGlobalSection
EndGlobal
